
Microsoft Visual Studio Solution File, Format Version 12.00
# Visual Studio 15
VisualStudioVersion = 15.0.28307.1433
MinimumVisualStudioVersion = 10.0.40219.1
Project("{8BC9CEB8-8B4A-11D0-8D11-00A0C91BC942}") = "ExibindoDataHora", "ExibindoDataHora.vcxproj", "{76227044-39E4-4E4D-906C-8070592CB9F4}"
EndProject
Global
	GlobalSection(SolutionConfigurationPlatforms) = preSolution
		Debug|x64 = Debug|x64
		Debug|x86 = Debug|x86
		Release|x64 = Release|x64
		Release|x86 = Release|x86
	EndGlobalSection
	GlobalSection(ProjectConfigurationPlatforms) = postSolution
		{76227044-39E4-4E4D-906C-8070592CB9F4}.Debug|x64.ActiveCfg = Debug|x64
		{76227044-39E4-4E4D-906C-8070592CB9F4}.Debug|x64.Build.0 = Debug|x64
		{76227044-39E4-4E4D-906C-8070592CB9F4}.Debug|x86.ActiveCfg = Debug|Win32
		{76227044-39E4-4E4D-906C-8070592CB9F4}.Debug|x86.Build.0 = Debug|Win32
		{76227044-39E4-4E4D-906C-8070592CB9F4}.Release|x64.ActiveCfg = Release|x64
		{76227044-39E4-4E4D-906C-8070592CB9F4}.Release|x64.Build.0 = Release|x64
		{76227044-39E4-4E4D-906C-8070592CB9F4}.Release|x86.ActiveCfg = Release|Win32
		{76227044-39E4-4E4D-906C-8070592CB9F4}.Release|x86.Build.0 = Release|Win32
	EndGlobalSection
	GlobalSection(SolutionProperties) = preSolution
		HideSolutionNode = FALSE
	EndGlobalSection
	GlobalSection(ExtensibilityGlobals) = postSolution
		SolutionGuid = {189DFF58-598E-4D26-9A95-E79DC9A4AA12}
	EndGlobalSection
EndGlobal
