
Microsoft Visual Studio Solution File, Format Version 12.00
# Visual Studio 15
VisualStudioVersion = 15.0.28307.1433
MinimumVisualStudioVersion = 10.0.40219.1
Project("{8BC9CEB8-8B4A-11D0-8D11-00A0C91BC942}") = "StructsAlinhadas", "StructsAlinhadas.vcxproj", "{91055F5C-4E0B-4B4E-BE81-170AA1ABD7DF}"
EndProject
Global
	GlobalSection(SolutionConfigurationPlatforms) = preSolution
		Debug|x64 = Debug|x64
		Debug|x86 = Debug|x86
		Release|x64 = Release|x64
		Release|x86 = Release|x86
	EndGlobalSection
	GlobalSection(ProjectConfigurationPlatforms) = postSolution
		{91055F5C-4E0B-4B4E-BE81-170AA1ABD7DF}.Debug|x64.ActiveCfg = Debug|x64
		{91055F5C-4E0B-4B4E-BE81-170AA1ABD7DF}.Debug|x64.Build.0 = Debug|x64
		{91055F5C-4E0B-4B4E-BE81-170AA1ABD7DF}.Debug|x86.ActiveCfg = Debug|Win32
		{91055F5C-4E0B-4B4E-BE81-170AA1ABD7DF}.Debug|x86.Build.0 = Debug|Win32
		{91055F5C-4E0B-4B4E-BE81-170AA1ABD7DF}.Release|x64.ActiveCfg = Release|x64
		{91055F5C-4E0B-4B4E-BE81-170AA1ABD7DF}.Release|x64.Build.0 = Release|x64
		{91055F5C-4E0B-4B4E-BE81-170AA1ABD7DF}.Release|x86.ActiveCfg = Release|Win32
		{91055F5C-4E0B-4B4E-BE81-170AA1ABD7DF}.Release|x86.Build.0 = Release|Win32
	EndGlobalSection
	GlobalSection(SolutionProperties) = preSolution
		HideSolutionNode = FALSE
	EndGlobalSection
	GlobalSection(ExtensibilityGlobals) = postSolution
		SolutionGuid = {C462F5C3-D3DC-4A97-9E2F-6EF31DF9FCAB}
	EndGlobalSection
EndGlobal
